uuid: ac74839d-f31d-4d46-b8b9-32ea67b384a9
langcode: en
status: true
dependencies:
  content:
    - 'block_content:basic:2f193632-b21b-4587-8cdc-a4ea8b2f7f3b'
  module:
    - block_class
    - block_content
    - user
  theme:
    - uspshrdemo
third_party_settings:
  block_class:
    classes: 'col text-right employee-login-block'
id: employeeloginblock
theme: uspshrdemo
region: global_myaccount_top
weight: 0
provider: null
plugin: 'block_content:2f193632-b21b-4587-8cdc-a4ea8b2f7f3b'
settings:
  id: 'block_content:2f193632-b21b-4587-8cdc-a4ea8b2f7f3b'
  label: 'Employee Login Block'
  provider: block_content
  label_display: '0'
  status: true
  info: ''
  view_mode: full
visibility:
  user_role:
    id: user_role
    roles:
      anonymous: anonymous
    negate: false
    context_mapping:
      user: '@user.current_user_context:current_user'
